
Microsoft Visual Studio Solution File, Format Version 12.00
# Visual Studio 15
VisualStudioVersion = 15.0.27130.2010
MinimumVisualStudioVersion = 10.0.40219.1
Project("{FAE04EC0-301F-11D3-BF4B-00C04F79EFBC}") = "MyProject1", "MyProject1\MyProject1.csproj", "{DCA8F87C-1CAA-4E3D-89CE-B84D1294B865}"
EndProject
Global
	GlobalSection(SolutionConfigurationPlatforms) = preSolution
		Debug|Any CPU = Debug|Any CPU
		Release|Any CPU = Release|Any CPU
	EndGlobalSection
	GlobalSection(ProjectConfigurationPlatforms) = postSolution
		{DCA8F87C-1CAA-4E3D-89CE-B84D1294B865}.Debug|Any CPU.ActiveCfg = Debug|Any CPU
		{DCA8F87C-1CAA-4E3D-89CE-B84D1294B865}.Debug|Any CPU.Build.0 = Debug|Any CPU
		{DCA8F87C-1CAA-4E3D-89CE-B84D1294B865}.Release|Any CPU.ActiveCfg = Release|Any CPU
		{DCA8F87C-1CAA-4E3D-89CE-B84D1294B865}.Release|Any CPU.Build.0 = Release|Any CPU
	EndGlobalSection
	GlobalSection(SolutionProperties) = preSolution
		HideSolutionNode = FALSE
	EndGlobalSection
	GlobalSection(ExtensibilityGlobals) = postSolution
		SolutionGuid = {80703008-58F4-4019-BE26-A9E1129AF009}
	EndGlobalSection
EndGlobal
